# THIS IS AN AUTOGENERATED FILE. DO NOT EDIT THIS FILE DIRECTLY.
# yarn lockfile v1


"@babel/runtime@^7.20.13":
  version "7.26.7"
  resolved "https://registry.yarnpkg.com/@babel/runtime/-/runtime-7.26.7.tgz#f4e7fe527cd710f8dc0618610b61b4b060c3c341"
  integrity sha512-AOPI3D+a8dXnja+iwsUqGRjr1BbZIe771sXdapOtYI531gSqpi92vXivKcq2asu/DFpdl1ceFAKZyRzK2PCVcQ==
  dependencies:
    regenerator-runtime "^0.14.0"

"@fastify/ajv-compiler@^4.0.0":
  version "4.0.2"
  resolved "https://registry.yarnpkg.com/@fastify/ajv-compiler/-/ajv-compiler-4.0.2.tgz#da05938cf852901bfb953738764f553b5449b80b"
  integrity sha512-Rkiu/8wIjpsf46Rr+Fitd3HRP+VsxUFDDeag0hs9L0ksfnwx2g7SPQQTFL0E8Qv+rfXzQOxBJnjUB9ITUDjfWQ==
  dependencies:
    ajv "^8.12.0"
    ajv-formats "^3.0.1"
    fast-uri "^3.0.0"

"@fastify/error@^4.0.0":
  version "4.0.0"
  resolved "https://registry.yarnpkg.com/@fastify/error/-/error-4.0.0.tgz#7842d6161fbce78953638318be99033a0c2d5070"
  integrity sha512-OO/SA8As24JtT1usTUTKgGH7uLvhfwZPwlptRi2Dp5P4KKmJI3gvsZ8MIHnNwDs4sLf/aai5LzTyl66xr7qMxA==

"@fastify/fast-json-stringify-compiler@^5.0.0":
  version "5.0.2"
  resolved "https://registry.yarnpkg.com/@fastify/fast-json-stringify-compiler/-/fast-json-stringify-compiler-5.0.2.tgz#aedd7729674531ef276a5b680bfaf9c711f3f85e"
  integrity sha512-YdR7gqlLg1xZAQa+SX4sMNzQHY5pC54fu9oC5aYSUqBhyn6fkLkrdtKlpVdCNPlwuUuXA1PjFTEmvMF6ZVXVGw==
  dependencies:
    fast-json-stringify "^6.0.0"

"@fastify/forwarded@^3.0.0":
  version "3.0.0"
  resolved "https://registry.yarnpkg.com/@fastify/forwarded/-/forwarded-3.0.0.tgz#0fc96cdbbb5a38ad453d2d5533a34f09b4949b37"
  integrity sha512-kJExsp4JCms7ipzg7SJ3y8DwmePaELHxKYtg+tZow+k0znUTf3cb+npgyqm8+ATZOdmfgfydIebPDWM172wfyA==

"@fastify/http-proxy@^11.0.1":
  version "11.0.1"
  resolved "https://registry.yarnpkg.com/@fastify/http-proxy/-/http-proxy-11.0.1.tgz#746f1db5756151f5ee194b12c9941335c32d7738"
  integrity sha512-EU/PUINRfeI8BfU1HDqt+yVYpBPNShCKyqd1Eki+giE/mpQuy53WGiK1g/tTAIZJzSS87ti7YtcpcXW9/25H2A==
  dependencies:
    "@fastify/reply-from" "^12.0.0"
    fast-querystring "^1.1.2"
    fastify-plugin "^5.0.0"
    ws "^8.16.0"

"@fastify/merge-json-schemas@^0.2.0":
  version "0.2.1"
  resolved "https://registry.yarnpkg.com/@fastify/merge-json-schemas/-/merge-json-schemas-0.2.1.tgz#3aa30d2f0c81a8ac5995b6d94ed4eaa2c3055824"
  integrity sha512-OA3KGBCy6KtIvLf8DINC5880o5iBlDX4SxzLQS8HorJAbqluzLRn80UXU0bxZn7UOFhFgpRJDasfwn9nG4FG4A==
  dependencies:
    dequal "^2.0.3"

"@fastify/proxy-addr@^5.0.0":
  version "5.0.0"
  resolved "https://registry.yarnpkg.com/@fastify/proxy-addr/-/proxy-addr-5.0.0.tgz#e9d1c7a49b8380d9f92a879fdc623ac47ee27de3"
  integrity sha512-37qVVA1qZ5sgH7KpHkkC4z9SK6StIsIcOmpjvMPXNb3vx2GQxhZocogVYbr2PbbeLCQxYIPDok307xEvRZOzGA==
  dependencies:
    "@fastify/forwarded" "^3.0.0"
    ipaddr.js "^2.1.0"

"@fastify/reply-from@^12.0.0":
  version "12.0.2"
  resolved "https://registry.yarnpkg.com/@fastify/reply-from/-/reply-from-12.0.2.tgz#a6ec5f2010b72f3e55ca5a51c6ca4d48c435a6ea"
  integrity sha512-S37oj8HMA1zOzkI5cZx3OYlB3wOiuSRMmr3aeBuRdW0EuP/TGo0/3iq8yGHfsjgvEP0dH/THkCkC/+QIRxOMzQ==
  dependencies:
    "@fastify/error" "^4.0.0"
    end-of-stream "^1.4.4"
    fast-content-type-parse "^2.0.0"
    fast-querystring "^1.1.2"
    fastify-plugin "^5.0.1"
    toad-cache "^3.7.0"
    undici "^7.0.0"

"@panva/hkdf@^1.0.2":
  version "1.2.1"
  resolved "https://registry.yarnpkg.com/@panva/hkdf/-/hkdf-1.2.1.tgz#cb0d111ef700136f4580349ff0226bf25c853f23"
  integrity sha512-6oclG6Y3PiDFcoyk8srjLfVKyMfVCKJ27JwNPViuXziFpmdz+MZnZN/aKY0JGXgYuO/VghU0jcOAZgWXZ1Dmrw==

"@tabler/icons-react@^3.29.0":
  version "3.29.0"
  resolved "https://registry.yarnpkg.com/@tabler/icons-react/-/icons-react-3.29.0.tgz#5853e1a8318c7ecfffbb6c38a3b1b17862855dba"
  integrity sha512-jaa3b3j91CplY7TPgx/Gj/e+PcOnQgYiK6c5qtp1P0ytfKM5WPc1qtXyRLE3NcYlfxS2Pcst4YGy1vUML7SjbQ==
  dependencies:
    "@tabler/icons" "3.29.0"

"@tabler/icons@3.29.0":
  version "3.29.0"
  resolved "https://registry.yarnpkg.com/@tabler/icons/-/icons-3.29.0.tgz#f78d0bb098641088ccfe3e727fc296502eb8a930"
  integrity sha512-VWNINymdmhay3MDvWVREmRwuWLSrX3YiInKvs5L4AHRF4bAfJabLlEReE0BW/XFsBt22ff8/C8Eam/LXlF97mA==

abstract-logging@^2.0.1:
  version "2.0.1"
  resolved "https://registry.yarnpkg.com/abstract-logging/-/abstract-logging-2.0.1.tgz#6b0c371df212db7129b57d2e7fcf282b8bf1c839"
  integrity sha512-2BjRTZxTPvheOvGbBslFSYOUkr+SjPtOnrLP33f+VIWLzezQpZcqVg7ja3L4dBXmzzgwT+a029jRx5PCi3JuiA==

ajv-formats@^3.0.1:
  version "3.0.1"
  resolved "https://registry.yarnpkg.com/ajv-formats/-/ajv-formats-3.0.1.tgz#3d5dc762bca17679c3c2ea7e90ad6b7532309578"
  integrity sha512-8iUql50EUR+uUcdRQ3HDqa6EVyo3docL8g5WJ3FNcWmu62IbkGUue/pEyLBW8VGKKucTPgqeks4fIU1DA4yowQ==
  dependencies:
    ajv "^8.0.0"

ajv@^8.0.0, ajv@^8.12.0:
  version "8.17.1"
  resolved "https://registry.yarnpkg.com/ajv/-/ajv-8.17.1.tgz#37d9a5c776af6bc92d7f4f9510eba4c0a60d11a6"
  integrity sha512-B/gBuNg5SiMTrPkC+A2+cW0RszwxYmn6VYxB/inlBStS5nx6xHIt/ehKRhIMhqusl7a8LjQoZnjCs5vhwxOQ1g==
  dependencies:
    fast-deep-equal "^3.1.3"
    fast-uri "^3.0.1"
    json-schema-traverse "^1.0.0"
    require-from-string "^2.0.2"

ansi-regex@^5.0.1:
  version "5.0.1"
  resolved "https://registry.npmjs.org/ansi-regex/-/ansi-regex-5.0.1.tgz"
  integrity sha512-quJQXlTSUGL2LH9SUXo8VwsY4soanhgo6LNSm84E1LBcE8s3O0wpdiRzyR9z/ZZJMlMWv37qOOb9pdJlMUEKFQ==

ansi-styles@^4.0.0, ansi-styles@^4.1.0:
  version "4.3.0"
  resolved "https://registry.npmjs.org/ansi-styles/-/ansi-styles-4.3.0.tgz"
  integrity sha512-zbB9rCJAT1rbjiVDb2hqKFHNYLxgtk8NURxZ3IZwD3F6NtxbXZQCnnSi1Lkx+IDohdPlFp222wVALIheZJQSEg==
  dependencies:
    color-convert "^2.0.1"

atomic-sleep@^1.0.0:
  version "1.0.0"
  resolved "https://registry.yarnpkg.com/atomic-sleep/-/atomic-sleep-1.0.0.tgz#eb85b77a601fc932cfe432c5acd364a9e2c9075b"
  integrity sha512-kNOjDqAh7px0XWNI+4QbzoiR/nTkHAWNud2uvnJquD1/x5a7EQZMJT0AczqK0Qn67oY/TTQ1LbUKajZpp3I9tQ==

avvio@^9.0.0:
  version "9.1.0"
  resolved "https://registry.yarnpkg.com/avvio/-/avvio-9.1.0.tgz#0ff80ed211682441d8aa39ff21a4b9d022109c44"
  integrity sha512-fYASnYi600CsH/j9EQov7lECAniYiBFiiAtBNuZYLA2leLe9qOvZzqYHFjtIj6gD2VMoMLP14834LFWvr4IfDw==
  dependencies:
    "@fastify/error" "^4.0.0"
    fastq "^1.17.1"

chalk@^4.1.2:
  version "4.1.2"
  resolved "https://registry.npmjs.org/chalk/-/chalk-4.1.2.tgz"
  integrity sha512-oKnbhFyRIXpUuez8iBMmyEa4nbj4IOQyuhc/wy9kY7/WVPcwIO9VA668Pu8RkO7+0G76SLROeyw9CpQ061i4mA==
  dependencies:
    ansi-styles "^4.1.0"
    supports-color "^7.1.0"

cliui@^8.0.1:
  version "8.0.1"
  resolved "https://registry.npmjs.org/cliui/-/cliui-8.0.1.tgz"
  integrity sha512-BSeNnyus75C4//NQ9gQt1/csTXyo/8Sb+afLAkzAptFuMsod9HFokGNudZpi/oQV73hnVK+sR+5PVRMd+Dr7YQ==
  dependencies:
    string-width "^4.2.0"
    strip-ansi "^6.0.1"
    wrap-ansi "^7.0.0"

color-convert@^2.0.1:
  version "2.0.1"
  resolved "https://registry.npmjs.org/color-convert/-/color-convert-2.0.1.tgz"
  integrity sha512-RRECPsj7iu/xb5oKYcsFHSppFNnsj/52OVTRKb4zP5onXwVF3zVmmToNcOfGC+CRDpfK/U584fMg38ZHCaElKQ==
  dependencies:
    color-name "~1.1.4"

color-name@~1.1.4:
  version "1.1.4"
  resolved "https://registry.npmjs.org/color-name/-/color-name-1.1.4.tgz"
  integrity sha512-dOy+3AuW3a2wNbZHIuMZpTcgjGuLU/uBL/ubcZF9OXbDo8ff4O8yVp5Bf0efS8uEoYo5q4Fx7dY9OgQGXgAsQA==

concurrently@^9.1.2:
  version "9.1.2"
  resolved "https://registry.yarnpkg.com/concurrently/-/concurrently-9.1.2.tgz#22d9109296961eaee773e12bfb1ce9a66bc9836c"
  integrity sha512-H9MWcoPsYddwbOGM6difjVwVZHl63nwMEwDJG/L7VGtuaJhb12h2caPG2tVPWs7emuYix252iGfqOyrz1GczTQ==
  dependencies:
    chalk "^4.1.2"
    lodash "^4.17.21"
    rxjs "^7.8.1"
    shell-quote "^1.8.1"
    supports-color "^8.1.1"
    tree-kill "^1.2.2"
    yargs "^17.7.2"

cookie@^0.4.1:
  version "0.4.2"
  resolved "https://registry.npmjs.org/cookie/-/cookie-0.4.2.tgz"
  integrity sha512-aSWTXFzaKWkvHO1Ny/s+ePFpvKsPnjc551iI41v3ny/ow6tBG5Vd+FuqGNhh1LxOmVzOlGUriIlOaokOvhaStA==

cookie@^0.7.0:
  version "0.7.2"
  resolved "https://registry.yarnpkg.com/cookie/-/cookie-0.7.2.tgz#556369c472a2ba910f2979891b526b3436237ed7"
  integrity sha512-yki5XnKuf750l50uGTllt6kKILY4nQ1eNIQatoXEByZ5dWgnKqbnqmTrBE5B4N7lrMJKQ2ytWMiTO2o0v6Ew/w==

cookie@^1.0.1:
  version "1.0.2"
  resolved "https://registry.yarnpkg.com/cookie/-/cookie-1.0.2.tgz#27360701532116bd3f1f9416929d176afe1e4610"
  integrity sha512-9Kr/j4O16ISv8zBBhJoi4bXOYNTkFLOqSL3UDB0njXxCXNezjeyVrJyGOWtgfs/q2km1gwBcfH8q1yEGoMYunA==

dequal@^2.0.3:
  version "2.0.3"
  resolved "https://registry.yarnpkg.com/dequal/-/dequal-2.0.3.tgz#2644214f1997d39ed0ee0ece72335490a7ac67be"
  integrity sha512-0je+qPKHEMohvfRTCEo3CrPG6cAzAYgmzKyxRiYSSDkS6eGJdyVJm7WaYA5ECaAD9wLB2T4EEeymA5aFVcYXCA==

emoji-regex@^8.0.0:
  version "8.0.0"
  resolved "https://registry.npmjs.org/emoji-regex/-/emoji-regex-8.0.0.tgz"
  integrity sha512-MSjYzcWNOA0ewAHpz0MxpYFvwg6yjy1NG3xteoqz644VCo/RPgnr1/GGt+ic3iJTzQ8Eu3TdM14SawnVUmGE6A==

end-of-stream@^1.4.4:
  version "1.4.4"
  resolved "https://registry.npmjs.org/end-of-stream/-/end-of-stream-1.4.4.tgz"
  integrity sha512-+uw1inIHVPQoaVuHzRyXd21icM+cnt4CzD5rW+NC1wjOUSTOs+Te7FOv7AhN7vS9x/oIyhLP5PR1H+phQAHu5Q==
  dependencies:
    once "^1.4.0"

escalade@^3.1.1:
  version "3.1.2"
  resolved "https://registry.npmjs.org/escalade/-/escalade-3.1.2.tgz"
  integrity sha512-ErCHMCae19vR8vQGe50xIsVomy19rg6gFu3+r3jkEO46suLMWBksvVyoGgQV+jOfl84ZSOSlmv6Gxa89PmTGmA==

eventemitter3@^4.0.0:
  version "4.0.7"
  resolved "https://registry.npmjs.org/eventemitter3/-/eventemitter3-4.0.7.tgz"
  integrity sha512-8guHBZCwKnFhYdHr2ysuRWErTwhoN2X8XELRlrRwpmfeY2jjuUN4taQMsULKUVo1K4DvZl+0pgfyoysHxvmvEw==

fast-content-type-parse@^2.0.0:
  version "2.0.1"
  resolved "https://registry.yarnpkg.com/fast-content-type-parse/-/fast-content-type-parse-2.0.1.tgz#c236124534ee2cb427c8d8e5ba35a4856947847b"
  integrity sha512-nGqtvLrj5w0naR6tDPfB4cUmYCqouzyQiz6C5y/LtcDllJdrcc6WaWW6iXyIIOErTa/XRybj28aasdn4LkVk6Q==

fast-decode-uri-component@^1.0.1:
  version "1.0.1"
  resolved "https://registry.yarnpkg.com/fast-decode-uri-component/-/fast-decode-uri-component-1.0.1.tgz#46f8b6c22b30ff7a81357d4f59abfae938202543"
  integrity sha512-WKgKWg5eUxvRZGwW8FvfbaH7AXSh2cL+3j5fMGzUMCxWBJ3dV3a7Wz8y2f/uQ0e3B6WmodD3oS54jTQ9HVTIIg==

fast-deep-equal@^3.1.3:
  version "3.1.3"
  resolved "https://registry.yarnpkg.com/fast-deep-equal/-/fast-deep-equal-3.1.3.tgz#3a7d56b559d6cbc3eb512325244e619a65c6c525"
  integrity sha512-f3qQ9oQy9j2AhBe/H9VC91wLmKBCCU/gDOnKNAYG5hswO7BLKj09Hc5HYNz9cGI++xlpDCIgDaitVs03ATR84Q==

fast-json-stringify@^6.0.0:
  version "6.0.1"
  resolved "https://registry.yarnpkg.com/fast-json-stringify/-/fast-json-stringify-6.0.1.tgz#82f1cb45fa96d0ca24b601f1738066976d6e2430"
  integrity sha512-s7SJE83QKBZwg54dIbD5rCtzOBVD43V1ReWXXYqBgwCwHLYAAT0RQc/FmrQglXqWPpz6omtryJQOau5jI4Nrvg==
  dependencies:
    "@fastify/merge-json-schemas" "^0.2.0"
    ajv "^8.12.0"
    ajv-formats "^3.0.1"
    fast-uri "^3.0.0"
    json-schema-ref-resolver "^2.0.0"
    rfdc "^1.2.0"

fast-querystring@^1.0.0, fast-querystring@^1.1.2:
  version "1.1.2"
  resolved "https://registry.npmjs.org/fast-querystring/-/fast-querystring-1.1.2.tgz"
  integrity sha512-g6KuKWmFXc0fID8WWH0jit4g0AGBoJhCkJMb1RmbsSEUNvQ+ZC8D6CUZ+GtF8nMzSPXnhiePyyqqipzNNEnHjg==
  dependencies:
    fast-decode-uri-component "^1.0.1"

fast-redact@^3.1.1:
  version "3.5.0"
  resolved "https://registry.yarnpkg.com/fast-redact/-/fast-redact-3.5.0.tgz#e9ea02f7e57d0cd8438180083e93077e496285e4"
  integrity sha512-dwsoQlS7h9hMeYUq1W++23NDcBLV4KqONnITDV9DjfS3q1SgDGVrBdvvTLUotWtPSD7asWDV9/CmsZPy8Hf70A==

fast-uri@^3.0.0, fast-uri@^3.0.1:
  version "3.0.6"
  resolved "https://registry.yarnpkg.com/fast-uri/-/fast-uri-3.0.6.tgz#88f130b77cfaea2378d56bf970dea21257a68748"
  integrity sha512-Atfo14OibSv5wAp4VWNsFYE1AchQRTv9cBGWET4pZWHzYshFSS9NQI6I57rdKn9croWVMbYFbLhJ+yJvmZIIHw==

fastify-plugin@^5.0.0, fastify-plugin@^5.0.1:
  version "5.0.1"
  resolved "https://registry.yarnpkg.com/fastify-plugin/-/fastify-plugin-5.0.1.tgz#82d44e6fe34d1420bb5a4f7bee434d501e41939f"
  integrity sha512-HCxs+YnRaWzCl+cWRYFnHmeRFyR5GVnJTAaCJQiYzQSDwK9MgJdyAsuL3nh0EWRCYMgQ5MeziymvmAhUHYHDUQ==

fastify@^5.2.1:
  version "5.2.1"
  resolved "https://registry.yarnpkg.com/fastify/-/fastify-5.2.1.tgz#38381800eb26b7e27da72d9ee51c544f0c52ff39"
  integrity sha512-rslrNBF67eg8/Gyn7P2URV8/6pz8kSAscFL4EThZJ8JBMaXacVdVE4hmUcnPNKERl5o/xTiBSLfdowBRhVF1WA==
  dependencies:
    "@fastify/ajv-compiler" "^4.0.0"
    "@fastify/error" "^4.0.0"
    "@fastify/fast-json-stringify-compiler" "^5.0.0"
    "@fastify/proxy-addr" "^5.0.0"
    abstract-logging "^2.0.1"
    avvio "^9.0.0"
    fast-json-stringify "^6.0.0"
    find-my-way "^9.0.0"
    light-my-request "^6.0.0"
    pino "^9.0.0"
    process-warning "^4.0.0"
    rfdc "^1.3.1"
    secure-json-parse "^3.0.1"
    semver "^7.6.0"
    toad-cache "^3.7.0"

fastq@^1.17.1:
  version "1.19.0"
  resolved "https://registry.yarnpkg.com/fastq/-/fastq-1.19.0.tgz#a82c6b7c2bb4e44766d865f07997785fecfdcb89"
  integrity sha512-7SFSRCNjBQIZH/xZR3iy5iQYR8aGBE0h3VG6/cwlbrpdciNYBMotQav8c1XI3HjHH+NikUpP53nPdlZSdWmFzA==
  dependencies:
    reusify "^1.0.4"

find-my-way@^9.0.0:
  version "9.2.0"
  resolved "https://registry.yarnpkg.com/find-my-way/-/find-my-way-9.2.0.tgz#6f845aac6227adcb683134f60bd9e8c144af21da"
  integrity sha512-d3uCir8Hmg7W1Ywp8nKf2lJJYU9Nwinvo+1D39Dn09nz65UKXIxUh7j7K8zeWhxqe1WrkS7FJyON/Q/3lPoc6w==
  dependencies:
    fast-deep-equal "^3.1.3"
    fast-querystring "^1.0.0"
    safe-regex2 "^4.0.0"

follow-redirects@^1.0.0:
  version "1.15.6"
  resolved "https://registry.npmjs.org/follow-redirects/-/follow-redirects-1.15.6.tgz"
  integrity sha512-wWN62YITEaOpSK584EZXJafH1AGpO8RVgElfkuXbTOrPX4fIfOyEpW/CsiNd8JdYrAoOvafRTOEnvsO++qCqFA==

get-caller-file@^2.0.5:
  version "2.0.5"
  resolved "https://registry.npmjs.org/get-caller-file/-/get-caller-file-2.0.5.tgz"
  integrity sha512-DyFP3BM/3YHTQOCUL/w0OZHR0lpKeGrxotcHWcqNEdnltqFwXVfhEBQ94eIo34AfQpo0rGki4cyIiftY06h2Fg==

has-flag@^4.0.0:
  version "4.0.0"
  resolved "https://registry.npmjs.org/has-flag/-/has-flag-4.0.0.tgz"
  integrity sha512-EykJT/Q1KjTWctppgIAgfSO0tKVuZUjhgMr17kqTumMl6Afv3EISleU7qZUzoXDFTAHTDC4NOoG/ZxU3EvlMPQ==

http-proxy@^1.18.1:
  version "1.18.1"
  resolved "https://registry.npmjs.org/http-proxy/-/http-proxy-1.18.1.tgz"
  integrity sha512-7mz/721AbnJwIVbnaSv1Cz3Am0ZLT/UBwkC92VlxhXv/k/BBQfM2fXElQNC27BVGr0uwUpplYPQM9LnaBMR5NQ==
  dependencies:
    eventemitter3 "^4.0.0"
    follow-redirects "^1.0.0"
    requires-port "^1.0.0"

ipaddr.js@^2.1.0:
  version "2.2.0"
  resolved "https://registry.yarnpkg.com/ipaddr.js/-/ipaddr.js-2.2.0.tgz#d33fa7bac284f4de7af949638c9d68157c6b92e8"
  integrity sha512-Ag3wB2o37wslZS19hZqorUnrnzSkpOVy+IiiDEiTqNubEYpYuHWIf6K4psgN2ZWKExS4xhVCrRVfb/wfW8fWJA==

is-fullwidth-code-point@^3.0.0:
  version "3.0.0"
  resolved "https://registry.npmjs.org/is-fullwidth-code-point/-/is-fullwidth-code-point-3.0.0.tgz"
  integrity sha512-zymm5+u+sCsSWyD9qNaejV3DFvhCKclKdizYaJUuHA83RLjb7nSuGnddCHGv0hk+KY7BMAlsWeK4Ueg6EV6XQg==

is-wsl@^1.1.0:
  version "1.1.0"
  resolved "https://registry.npmjs.org/is-wsl/-/is-wsl-1.1.0.tgz"
  integrity sha512-gfygJYZ2gLTDlmbWMI0CE2MwnFzSN/2SZfkMlItC4K/JBlsWVDB0bO6XhqcY13YXE7iMcAJnzTCJjPiTeJJ0Mw==

jose@^4.15.5, jose@^4.15.9:
  version "4.15.9"
  resolved "https://registry.yarnpkg.com/jose/-/jose-4.15.9.tgz#9b68eda29e9a0614c042fa29387196c7dd800100"
  integrity sha512-1vUQX+IdDMVPj4k8kOxgUqlcK518yluMuGZwqlr44FS1ppZB/5GWh4rZG89erpOBOJjU/OBsnCVFfapsRz6nEA==

json-schema-ref-resolver@^2.0.0:
  version "2.0.1"
  resolved "https://registry.yarnpkg.com/json-schema-ref-resolver/-/json-schema-ref-resolver-2.0.1.tgz#c92f16b452df069daac53e1984159e0f9af0598d"
  integrity sha512-HG0SIB9X4J8bwbxCbnd5FfPEbcXAJYTi1pBJeP/QPON+w8ovSME8iRG+ElHNxZNX2Qh6eYn1GdzJFS4cDFfx0Q==
  dependencies:
    dequal "^2.0.3"

json-schema-traverse@^1.0.0:
  version "1.0.0"
  resolved "https://registry.yarnpkg.com/json-schema-traverse/-/json-schema-traverse-1.0.0.tgz#ae7bcb3656ab77a73ba5c49bf654f38e6b6860e2"
  integrity sha512-NM8/P9n3XjXhIZn1lLhkFaACTOURQXjWhV4BA/RnOv8xvgqtqpAX9IO4mRQxSx1Rlo4tqzeqb0sOlruaOy3dug==

light-my-request@^6.0.0:
  version "6.5.1"
  resolved "https://registry.yarnpkg.com/light-my-request/-/light-my-request-6.5.1.tgz#30f6984bcd05ff76550e6d5bbaba5982d864b111"
  integrity sha512-0q82RyxIextuDtkA0UDofhPHIiQ2kmpa7fwElCSlm/8nQl36cDU1Cw+CAO90Es0lReH2HChClKL84I86Nc52hg==
  dependencies:
    cookie "^1.0.1"
    process-warning "^4.0.0"
    set-cookie-parser "^2.6.0"

lodash@^4.17.21:
  version "4.17.21"
  resolved "https://registry.npmjs.org/lodash/-/lodash-4.17.21.tgz"
  integrity sha512-v2kDEe57lecTulaDIuNTPy3Ry4gLGJ6Z1O3vE1krgXZNrsQ+LFTGHVxVjcXPs17LhbZVGedAJv8XZ1tvj5FvSg==

lru-cache@^6.0.0:
  version "6.0.0"
  resolved "https://registry.yarnpkg.com/lru-cache/-/lru-cache-6.0.0.tgz#6d6fe6570ebd96aaf90fcad1dafa3b2566db3a94"
  integrity sha512-Jo6dJ04CmSjuznwJSS3pUeWmd/H0ffTlkXXgwZi+eq1UCmqQwCh+eLsYOYCwY991i2Fah4h1BEMCx4qThGbsiA==
  dependencies:
    yallist "^4.0.0"

next-auth@^4.24.6:
  version "4.24.11"
  resolved "https://registry.yarnpkg.com/next-auth/-/next-auth-4.24.11.tgz#16eeb76d37fbc8fe887561b454f8167f490c381f"
  integrity sha512-pCFXzIDQX7xmHFs4KVH4luCjaCbuPRtZ9oBUjUhOk84mZ9WVPf94n87TxYI4rSRf9HmfHEF8Yep3JrYDVOo3Cw==
  dependencies:
    "@babel/runtime" "^7.20.13"
    "@panva/hkdf" "^1.0.2"
    cookie "^0.7.0"
    jose "^4.15.5"
    oauth "^0.9.15"
    openid-client "^5.4.0"
    preact "^10.6.3"
    preact-render-to-string "^5.1.19"
    uuid "^8.3.2"

node-netstat@^1.9.0:
  version "1.9.0"
  resolved "https://registry.npmjs.org/node-netstat/-/node-netstat-1.9.0.tgz"
  integrity sha512-c8DItoXsciyQuYRMZiVtKOwlgX5fGh64utC2U7RGTKRaUGP43i+UgNRo5QuTZuTagW66uRUckfYTOxR7va4UGw==
  dependencies:
    is-wsl "^1.1.0"

nookies@^2.5.2:
  version "2.5.2"
  resolved "https://registry.npmjs.org/nookies/-/nookies-2.5.2.tgz"
  integrity sha512-x0TRSaosAEonNKyCrShoUaJ5rrT5KHRNZ5DwPCuizjgrnkpE5DRf3VL7AyyQin4htict92X1EQ7ejDbaHDVdYA==
  dependencies:
    cookie "^0.4.1"
    set-cookie-parser "^2.4.6"

oauth@^0.9.15:
  version "0.9.15"
  resolved "https://registry.yarnpkg.com/oauth/-/oauth-0.9.15.tgz#bd1fefaf686c96b75475aed5196412ff60cfb9c1"
  integrity sha512-a5ERWK1kh38ExDEfoO6qUHJb32rd7aYmPHuyCu3Fta/cnICvYmgd2uhuKXvPD+PXB+gCEYYEaQdIRAjCOwAKNA==

object-hash@^2.2.0:
  version "2.2.0"
  resolved "https://registry.yarnpkg.com/object-hash/-/object-hash-2.2.0.tgz#5ad518581eefc443bd763472b8ff2e9c2c0d54a5"
  integrity sha512-gScRMn0bS5fH+IuwyIFgnh9zBdo4DV+6GhygmWM9HyNJSgS0hScp1f5vjtm7oIIOiT9trXrShAkLFSc2IqKNgw==

oidc-token-hash@^5.0.3:
  version "5.0.3"
  resolved "https://registry.yarnpkg.com/oidc-token-hash/-/oidc-token-hash-5.0.3.tgz#9a229f0a1ce9d4fc89bcaee5478c97a889e7b7b6"
  integrity sha512-IF4PcGgzAr6XXSff26Sk/+P4KZFJVuHAJZj3wgO3vX2bMdNVp/QXTP3P7CEm9V1IdG8lDLY3HhiqpsE/nOwpPw==

on-exit-leak-free@^2.1.0:
  version "2.1.2"
  resolved "https://registry.yarnpkg.com/on-exit-leak-free/-/on-exit-leak-free-2.1.2.tgz#fed195c9ebddb7d9e4c3842f93f281ac8dadd3b8"
  integrity sha512-0eJJY6hXLGf1udHwfNftBqH+g73EU4B504nZeKpz1sYRKafAghwxEJunB2O7rDZkL4PGfsMVnTXZ2EjibbqcsA==

once@^1.4.0:
  version "1.4.0"
  resolved "https://registry.npmjs.org/once/-/once-1.4.0.tgz"
  integrity sha512-lNaJgI+2Q5URQBkccEKHTQOPaXdUxnZZElQTZY0MFUAuaEqe1E+Nyvgdz/aIyNi6Z9MzO5dv1H8n58/GELp3+w==
  dependencies:
    wrappy "1"

openid-client@^5.4.0:
  version "5.7.1"
  resolved "https://registry.yarnpkg.com/openid-client/-/openid-client-5.7.1.tgz#34cace862a3e6472ed7d0a8616ef73b7fb85a9c3"
  integrity sha512-jDBPgSVfTnkIh71Hg9pRvtJc6wTwqjRkN88+gCFtYWrlP4Yx2Dsrow8uPi3qLr/aeymPF3o2+dS+wOpglK04ew==
  dependencies:
    jose "^4.15.9"
    lru-cache "^6.0.0"
    object-hash "^2.2.0"
    oidc-token-hash "^5.0.3"

pino-abstract-transport@^2.0.0:
  version "2.0.0"
  resolved "https://registry.yarnpkg.com/pino-abstract-transport/-/pino-abstract-transport-2.0.0.tgz#de241578406ac7b8a33ce0d77ae6e8a0b3b68a60"
  integrity sha512-F63x5tizV6WCh4R6RHyi2Ml+M70DNRXt/+HANowMflpgGFMAym/VKm6G7ZOQRjqN7XbGxK1Lg9t6ZrtzOaivMw==
  dependencies:
    split2 "^4.0.0"

pino-std-serializers@^7.0.0:
  version "7.0.0"
  resolved "https://registry.yarnpkg.com/pino-std-serializers/-/pino-std-serializers-7.0.0.tgz#7c625038b13718dbbd84ab446bd673dc52259e3b"
  integrity sha512-e906FRY0+tV27iq4juKzSYPbUj2do2X2JX4EzSca1631EB2QJQUqGbDuERal7LCtOpxl6x3+nvo9NPZcmjkiFA==

pino@^9.0.0:
  version "9.6.0"
  resolved "https://registry.yarnpkg.com/pino/-/pino-9.6.0.tgz#6bc628159ba0cc81806d286718903b7fc6b13169"
  integrity sha512-i85pKRCt4qMjZ1+L7sy2Ag4t1atFcdbEt76+7iRJn1g2BvsnRMGu9p8pivl9fs63M2kF/A0OacFZhTub+m/qMg==
  dependencies:
    atomic-sleep "^1.0.0"
    fast-redact "^3.1.1"
    on-exit-leak-free "^2.1.0"
    pino-abstract-transport "^2.0.0"
    pino-std-serializers "^7.0.0"
    process-warning "^4.0.0"
    quick-format-unescaped "^4.0.3"
    real-require "^0.2.0"
    safe-stable-stringify "^2.3.1"
    sonic-boom "^4.0.1"
    thread-stream "^3.0.0"

preact-render-to-string@^5.1.19:
  version "5.2.6"
  resolved "https://registry.yarnpkg.com/preact-render-to-string/-/preact-render-to-string-5.2.6.tgz#0ff0c86cd118d30affb825193f18e92bd59d0604"
  integrity sha512-JyhErpYOvBV1hEPwIxc/fHWXPfnEGdRKxc8gFdAZ7XV4tlzyzG847XAyEZqoDnynP88akM4eaHcSOzNcLWFguw==
  dependencies:
    pretty-format "^3.8.0"

preact@^10.6.3:
  version "10.25.4"
  resolved "https://registry.yarnpkg.com/preact/-/preact-10.25.4.tgz#c1d00bee9d7b9dcd06a2311d9951973b506ae8ac"
  integrity sha512-jLdZDb+Q+odkHJ+MpW/9U5cODzqnB+fy2EiHSZES7ldV5LK7yjlVzTp7R8Xy6W6y75kfK8iWYtFVH7lvjwrCMA==

pretty-format@^3.8.0:
  version "3.8.0"
  resolved "https://registry.yarnpkg.com/pretty-format/-/pretty-format-3.8.0.tgz#bfbed56d5e9a776645f4b1ff7aa1a3ac4fa3c385"
  integrity sha512-WuxUnVtlWL1OfZFQFuqvnvs6MiAGk9UNsBostyBOB0Is9wb5uRESevA6rnl/rkksXaGX3GzZhPup5d6Vp1nFew==

process-warning@^4.0.0:
  version "4.0.1"
  resolved "https://registry.yarnpkg.com/process-warning/-/process-warning-4.0.1.tgz#5c1db66007c67c756e4e09eb170cdece15da32fb"
  integrity sha512-3c2LzQ3rY9d0hc1emcsHhfT9Jwz0cChib/QN89oME2R451w5fy3f0afAhERFZAwrbDU43wk12d0ORBpDVME50Q==

quick-format-unescaped@^4.0.3:
  version "4.0.4"
  resolved "https://registry.yarnpkg.com/quick-format-unescaped/-/quick-format-unescaped-4.0.4.tgz#93ef6dd8d3453cbc7970dd614fad4c5954d6b5a7"
  integrity sha512-tYC1Q1hgyRuHgloV/YXs2w15unPVh8qfu/qCTfhTYamaw7fyhumKa2yGpdSo87vY32rIclj+4fWYQXUMs9EHvg==

react-hook-form@^7.52.2:
  version "7.54.2"
  resolved "https://registry.yarnpkg.com/react-hook-form/-/react-hook-form-7.54.2.tgz#8c26ed54c71628dff57ccd3c074b1dd377cfb211"
  integrity sha512-eHpAUgUjWbZocoQYUHposymRb4ZP6d0uwUnooL2uOybA9/3tPUvoAKqEWK1WaSiTxxOfTpffNZP7QwlnM3/gEg==

real-require@^0.2.0:
  version "0.2.0"
  resolved "https://registry.yarnpkg.com/real-require/-/real-require-0.2.0.tgz#209632dea1810be2ae063a6ac084fee7e33fba78"
  integrity sha512-57frrGM/OCTLqLOAh0mhVA9VBMHd+9U7Zb2THMGdBUoZVOtGbJzjxsYGDJ3A9AYYCP4hn6y1TVbaOfzWtm5GFg==

regenerator-runtime@^0.14.0:
  version "0.14.1"
  resolved "https://registry.yarnpkg.com/regenerator-runtime/-/regenerator-runtime-0.14.1.tgz#356ade10263f685dda125100cd862c1db895327f"
  integrity sha512-dYnhHh0nJoMfnkZs6GmmhFknAGRrLznOu5nc9ML+EJxGvrx6H7teuevqVqCuPcPK//3eDrrjQhehXVx9cnkGdw==

require-directory@^2.1.1:
  version "2.1.1"
  resolved "https://registry.npmjs.org/require-directory/-/require-directory-2.1.1.tgz"
  integrity sha512-fGxEI7+wsG9xrvdjsrlmL22OMTTiHRwAMroiEeMgq8gzoLC/PQr7RsRDSTLUg/bZAZtF+TVIkHc6/4RIKrui+Q==

require-from-string@^2.0.2:
  version "2.0.2"
  resolved "https://registry.yarnpkg.com/require-from-string/-/require-from-string-2.0.2.tgz#89a7fdd938261267318eafe14f9c32e598c36909"
  integrity sha512-Xf0nWe6RseziFMu+Ap9biiUbmplq6S9/p+7w7YXP/JBHhrUDDUhwa+vANyubuqfZWTveU//DYVGsDG7RKL/vEw==

requires-port@^1.0.0:
  version "1.0.0"
  resolved "https://registry.npmjs.org/requires-port/-/requires-port-1.0.0.tgz"
  integrity sha512-KigOCHcocU3XODJxsu8i/j8T9tzT4adHiecwORRQ0ZZFcp7ahwXuRU1m+yuO90C5ZUyGeGfocHDI14M3L3yDAQ==

ret@~0.5.0:
  version "0.5.0"
  resolved "https://registry.yarnpkg.com/ret/-/ret-0.5.0.tgz#30a4d38a7e704bd96dc5ffcbe7ce2a9274c41c95"
  integrity sha512-I1XxrZSQ+oErkRR4jYbAyEEu2I0avBvvMM5JN+6EBprOGRCs63ENqZ3vjavq8fBw2+62G5LF5XelKwuJpcvcxw==

reusify@^1.0.4:
  version "1.0.4"
  resolved "https://registry.yarnpkg.com/reusify/-/reusify-1.0.4.tgz#90da382b1e126efc02146e90845a88db12925d76"
  integrity sha512-U9nH88a3fc/ekCF1l0/UP1IosiuIjyTh7hBvXVMHYgVcfGvt897Xguj2UOLDeI5BG2m7/uwyaLVT6fbtCwTyzw==

rfdc@^1.2.0, rfdc@^1.3.1:
  version "1.4.1"
  resolved "https://registry.yarnpkg.com/rfdc/-/rfdc-1.4.1.tgz#778f76c4fb731d93414e8f925fbecf64cce7f6ca"
  integrity sha512-q1b3N5QkRUWUl7iyylaaj3kOpIT0N2i9MqIEQXP73GVsN9cw3fdx8X63cEmWhJGi2PPCF23Ijp7ktmd39rawIA==

rxjs@^7.8.1:
  version "7.8.1"
  resolved "https://registry.npmjs.org/rxjs/-/rxjs-7.8.1.tgz"
  integrity sha512-AA3TVj+0A2iuIoQkWEK/tqFjBq2j+6PO6Y0zJcvzLAFhEFIO3HL0vls9hWLncZbAAbK0mar7oZ4V079I/qPMxg==
  dependencies:
    tslib "^2.1.0"

safe-regex2@^4.0.0:
  version "4.0.1"
  resolved "https://registry.yarnpkg.com/safe-regex2/-/safe-regex2-4.0.1.tgz#b0a4b0216c1dd0256af987b7aea473e1c91543a8"
  integrity sha512-goqsB+bSlOmVX+CiFX2PFc1OV88j5jvBqIM+DgqrucHnUguAUNtiNOs+aTadq2NqsLQ+TQ3UEVG3gtSFcdlkCg==
  dependencies:
    ret "~0.5.0"

safe-stable-stringify@^2.3.1:
  version "2.5.0"
  resolved "https://registry.yarnpkg.com/safe-stable-stringify/-/safe-stable-stringify-2.5.0.tgz#4ca2f8e385f2831c432a719b108a3bf7af42a1dd"
  integrity sha512-b3rppTKm9T+PsVCBEOUR46GWI7fdOs00VKZ1+9c1EWDaDMvjQc6tUwuFyIprgGgTcWoVHSKrU8H31ZHA2e0RHA==

secure-json-parse@^3.0.1:
  version "3.0.2"
  resolved "https://registry.yarnpkg.com/secure-json-parse/-/secure-json-parse-3.0.2.tgz#255b03bb0627ba5805f64f384b0a7691d8cb021b"
  integrity sha512-H6nS2o8bWfpFEV6U38sOSjS7bTbdgbCGU9wEM6W14P5H0QOsz94KCusifV44GpHDTu2nqZbuDNhTzu+mjDSw1w==

semver@^7.6.0:
  version "7.7.1"
  resolved "https://registry.yarnpkg.com/semver/-/semver-7.7.1.tgz#abd5098d82b18c6c81f6074ff2647fd3e7220c9f"
  integrity sha512-hlq8tAfn0m/61p4BVRcPzIGr6LKiMwo4VM6dGi6pt4qcRkmNzTcWq6eCEjEh+qXjkMDvPlOFFSGwQjoEa6gyMA==

set-cookie-parser@^2.4.6:
  version "2.6.0"
  resolved "https://registry.npmjs.org/set-cookie-parser/-/set-cookie-parser-2.6.0.tgz"
  integrity sha512-RVnVQxTXuerk653XfuliOxBP81Sf0+qfQE73LIYKcyMYHG94AuH0kgrQpRDuTZnSmjpysHmzxJXKNfa6PjFhyQ==

set-cookie-parser@^2.6.0:
  version "2.7.1"
  resolved "https://registry.yarnpkg.com/set-cookie-parser/-/set-cookie-parser-2.7.1.tgz#3016f150072202dfbe90fadee053573cc89d2943"
  integrity sha512-IOc8uWeOZgnb3ptbCURJWNjWUPcO3ZnTTdzsurqERrP6nPyv+paC55vJM0LpOlT2ne+Ix+9+CRG1MNLlyZ4GjQ==

shell-quote@^1.8.1:
  version "1.8.1"
  resolved "https://registry.npmjs.org/shell-quote/-/shell-quote-1.8.1.tgz"
  integrity sha512-6j1W9l1iAs/4xYBI1SYOVZyFcCis9b4KCLQ8fgAGG07QvzaRLVVRQvAy85yNmmZSjYjg4MWh4gNvlPujU/5LpA==

sonic-boom@^4.0.1:
  version "4.2.0"
  resolved "https://registry.yarnpkg.com/sonic-boom/-/sonic-boom-4.2.0.tgz#e59a525f831210fa4ef1896428338641ac1c124d"
  integrity sha512-INb7TM37/mAcsGmc9hyyI6+QR3rR1zVRu36B0NeGXKnOOLiZOfER5SA+N7X7k3yUYRzLWafduTDvJAfDswwEww==
  dependencies:
    atomic-sleep "^1.0.0"

split2@^4.0.0:
  version "4.2.0"
  resolved "https://registry.yarnpkg.com/split2/-/split2-4.2.0.tgz#c9c5920904d148bab0b9f67145f245a86aadbfa4"
  integrity sha512-UcjcJOWknrNkF6PLX83qcHM6KHgVKNkV62Y8a5uYDVv9ydGQVwAHMKqHdJje1VTWpljG0WYpCDhrCdAOYH4TWg==

string-width@^4.1.0, string-width@^4.2.0, string-width@^4.2.3:
  version "4.2.3"
  resolved "https://registry.npmjs.org/string-width/-/string-width-4.2.3.tgz"
  integrity sha512-wKyQRQpjJ0sIp62ErSZdGsjMJWsap5oRNihHhu6G7JVO/9jIB6UyevL+tXuOqrng8j/cxKTWyWUwvSTriiZz/g==
  dependencies:
    emoji-regex "^8.0.0"
    is-fullwidth-code-point "^3.0.0"
    strip-ansi "^6.0.1"

strip-ansi@^6.0.0, strip-ansi@^6.0.1:
  version "6.0.1"
  resolved "https://registry.npmjs.org/strip-ansi/-/strip-ansi-6.0.1.tgz"
  integrity sha512-Y38VPSHcqkFrCpFnQ9vuSXmquuv5oXOKpGeT6aGrr3o3Gc9AlVa6JBfUSOCnbxGGZF+/0ooI7KrPuUSztUdU5A==
  dependencies:
    ansi-regex "^5.0.1"

supports-color@^7.1.0:
  version "7.2.0"
  resolved "https://registry.npmjs.org/supports-color/-/supports-color-7.2.0.tgz"
  integrity sha512-qpCAvRl9stuOHveKsn7HncJRvv501qIacKzQlO/+Lwxc9+0q2wLyv4Dfvt80/DPn2pqOBsJdDiogXGR9+OvwRw==
  dependencies:
    has-flag "^4.0.0"

supports-color@^8.1.1:
  version "8.1.1"
  resolved "https://registry.npmjs.org/supports-color/-/supports-color-8.1.1.tgz"
  integrity sha512-MpUEN2OodtUzxvKQl72cUF7RQ5EiHsGvSsVG0ia9c5RbWGL2CI4C7EpPS8UTBIplnlzZiNuV56w+FuNxy3ty2Q==
  dependencies:
    has-flag "^4.0.0"

thread-stream@^3.0.0:
  version "3.1.0"
  resolved "https://registry.yarnpkg.com/thread-stream/-/thread-stream-3.1.0.tgz#4b2ef252a7c215064507d4ef70c05a5e2d34c4f1"
  integrity sha512-OqyPZ9u96VohAyMfJykzmivOrY2wfMSf3C5TtFJVgN+Hm6aj+voFhlK+kZEIv2FBh1X6Xp3DlnCOfEQ3B2J86A==
  dependencies:
    real-require "^0.2.0"

toad-cache@^3.7.0:
  version "3.7.0"
  resolved "https://registry.npmjs.org/toad-cache/-/toad-cache-3.7.0.tgz"
  integrity sha512-/m8M+2BJUpoJdgAHoG+baCwBT+tf2VraSfkBgl0Y00qIWt41DJ8R5B8nsEw0I58YwF5IZH6z24/2TobDKnqSWw==

tree-kill@^1.2.2:
  version "1.2.2"
  resolved "https://registry.npmjs.org/tree-kill/-/tree-kill-1.2.2.tgz"
  integrity sha512-L0Orpi8qGpRG//Nd+H90vFB+3iHnue1zSSGmNOOCh1GLJ7rUKVwV2HvijphGQS2UmhUZewS9VgvxYIdgr+fG1A==

tslib@^2.1.0:
  version "2.7.0"
  resolved "https://registry.npmjs.org/tslib/-/tslib-2.7.0.tgz"
  integrity sha512-gLXCKdN1/j47AiHiOkJN69hJmcbGTHI0ImLmbYLHykhgeN0jVGola9yVjFgzCUklsZQMW55o+dW7IXv3RCXDzA==

undici@^7.0.0:
  version "7.3.0"
  resolved "https://registry.yarnpkg.com/undici/-/undici-7.3.0.tgz#87e48cc9728f3d09bf7b34635e9b63886873ac3e"
  integrity sha512-Qy96NND4Dou5jKoSJ2gm8ax8AJM/Ey9o9mz7KN1bb9GP+G0l20Zw8afxTnY2f4b7hmhn/z8aC2kfArVQlAhFBw==

uuid@^8.3.2:
  version "8.3.2"
  resolved "https://registry.yarnpkg.com/uuid/-/uuid-8.3.2.tgz#80d5b5ced271bb9af6c445f21a1a04c606cefbe2"
  integrity sha512-+NYs2QeMWy+GWFOEm9xnn6HCDp0l7QBD7ml8zLUmJ+93Q5NF0NocErnwkTkXVFNiX3/fpC6afS8Dhb/gz7R7eg==

wrap-ansi@^7.0.0:
  version "7.0.0"
  resolved "https://registry.npmjs.org/wrap-ansi/-/wrap-ansi-7.0.0.tgz"
  integrity sha512-YVGIj2kamLSTxw6NsZjoBxfSwsn0ycdesmc4p+Q21c5zPuZ1pl+NfxVdxPtdHvmNVOQ6XSYG4AUtyt/Fi7D16Q==
  dependencies:
    ansi-styles "^4.0.0"
    string-width "^4.1.0"
    strip-ansi "^6.0.0"

wrappy@1:
  version "1.0.2"
  resolved "https://registry.npmjs.org/wrappy/-/wrappy-1.0.2.tgz"
  integrity sha512-l4Sp/DRseor9wL6EvV2+TuQn63dMkPjZ/sp9XkghTEbV9KlPS1xUsZ3u7/IQO4wxtcFB4bgpQPRcR3QCvezPcQ==

ws@^8.16.0:
  version "8.18.0"
  resolved "https://registry.yarnpkg.com/ws/-/ws-8.18.0.tgz#0d7505a6eafe2b0e712d232b42279f53bc289bbc"
  integrity sha512-8VbfWfHLbbwu3+N6OKsOMpBdT4kXPDDB9cJk2bJ6mh9ucxdlnNvH1e+roYkKmN9Nxw2yjz7VzeO9oOz2zJ04Pw==

y18n@^5.0.5:
  version "5.0.8"
  resolved "https://registry.npmjs.org/y18n/-/y18n-5.0.8.tgz"
  integrity sha512-0pfFzegeDWJHJIAmTLRP2DwHjdF5s7jo9tuztdQxAhINCdvS+3nGINqPd00AphqJR/0LhANUS6/+7SCb98YOfA==

yallist@^4.0.0:
  version "4.0.0"
  resolved "https://registry.yarnpkg.com/yallist/-/yallist-4.0.0.tgz#9bb92790d9c0effec63be73519e11a35019a3a72"
  integrity sha512-3wdGidZyq5PB084XLES5TpOSRA3wjXAlIWMhum2kRcv/41Sn2emQ0dycQW4uZXLejwKvg6EsvbdlVL+FYEct7A==

yargs-parser@^21.1.1:
  version "21.1.1"
  resolved "https://registry.npmjs.org/yargs-parser/-/yargs-parser-21.1.1.tgz"
  integrity sha512-tVpsJW7DdjecAiFpbIB1e3qxIQsE6NoPc5/eTdrbbIC4h0LVsWhnoa3g+m2HclBIujHzsxZ4VJVA+GUuc2/LBw==

yargs@^17.7.2:
  version "17.7.2"
  resolved "https://registry.npmjs.org/yargs/-/yargs-17.7.2.tgz"
  integrity sha512-7dSzzRQ++CKnNI/krKnYRV7JKKPUXMEh61soaHKg9mrWEhzFWhFnxPxGl+69cD1Ou63C13NUPCnmIcrvqCuM6w==
  dependencies:
    cliui "^8.0.1"
    escalade "^3.1.1"
    get-caller-file "^2.0.5"
    require-directory "^2.1.1"
    string-width "^4.2.3"
    y18n "^5.0.5"
    yargs-parser "^21.1.1"
