lockfileVersion: '9.0'

settings:
  autoInstallPeers: true
  excludeLinksFromLockfile: false

importers:

  .:
    dependencies:
      '@t3-oss/env-nextjs':
        specifier: ^0.10.1
        version: 0.10.1(typescript@5.8.3)(zod@3.24.2)
      zod:
        specifier: ^3.22.4
        version: 3.24.2
    devDependencies:
      '@types/node':
        specifier: ^20.17.30
        version: 20.17.30
      typescript:
        specifier: ^5.5.3
        version: 5.8.3

packages:

  '@t3-oss/env-core@0.10.1':
    resolution: {integrity: sha512-GcKZiCfWks5CTxhezn9k5zWX3sMDIYf6Kaxy2Gx9YEQftFcz8hDRN56hcbylyAO3t4jQnQ5ifLawINsNgCDpOg==}
    peerDependencies:
      typescript: '>=5.0.0'
      zod: ^3.0.0
    peerDependenciesMeta:
      typescript:
        optional: true

  '@t3-oss/env-nextjs@0.10.1':
    resolution: {integrity: sha512-iy2qqJLnFh1RjEWno2ZeyTu0ufomkXruUsOZludzDIroUabVvHsrSjtkHqwHp1/pgPUzN3yBRHMILW162X7x2Q==}
    peerDependencies:
      typescript: '>=5.0.0'
      zod: ^3.0.0
    peerDependenciesMeta:
      typescript:
        optional: true

  '@types/node@20.17.30':
    resolution: {integrity: sha512-7zf4YyHA+jvBNfVrk2Gtvs6x7E8V+YDW05bNfG2XkWDJfYRXrTiP/DsB2zSYTaHX0bGIujTBQdMVAhb+j7mwpg==}

  typescript@5.8.3:
    resolution: {integrity: sha512-p1diW6TqL9L07nNxvRMM7hMMw4c5XOo/1ibL4aAIGmSAt9slTE1Xgw5KWuof2uTOvCg9BY7ZRi+GaF+7sfgPeQ==}
    engines: {node: '>=14.17'}
    hasBin: true

  undici-types@6.19.8:
    resolution: {integrity: sha512-ve2KP6f/JnbPBFyobGHuerC9g1FYGn/F8n1LWTwNxCEzd6IfqTwUQcNXgEtmmQ6DlRrC1hrSrBnCZPokRrDHjw==}

  zod@3.24.2:
    resolution: {integrity: sha512-lY7CDW43ECgW9u1TcT3IoXHflywfVqDYze4waEz812jR/bZ8FHDsl7pFQoSZTz5N+2NqRXs8GBwnAwo3ZNxqhQ==}

snapshots:

  '@t3-oss/env-core@0.10.1(typescript@5.8.3)(zod@3.24.2)':
    dependencies:
      zod: 3.24.2
    optionalDependencies:
      typescript: 5.8.3

  '@t3-oss/env-nextjs@0.10.1(typescript@5.8.3)(zod@3.24.2)':
    dependencies:
      '@t3-oss/env-core': 0.10.1(typescript@5.8.3)(zod@3.24.2)
      zod: 3.24.2
    optionalDependencies:
      typescript: 5.8.3

  '@types/node@20.17.30':
    dependencies:
      undici-types: 6.19.8

  typescript@5.8.3: {}

  undici-types@6.19.8: {}

  zod@3.24.2: {}
